
Microsoft Visual Studio Solution File, Format Version 12.00
# Visual Studio Version 17
VisualStudioVersion = 17.0.31903.59
MinimumVisualStudioVersion = 10.0.40219.1
Project("{FAE04EC0-301F-11D3-BF4B-00C04F79EFBC}") = "Dotnetesting.DTO", "Dotnetesting.DTO\Dotnetesting.DTO.csproj", "{441BB8BA-2D58-4E98-A0D9-53EA6C910185}"
EndProject
Project("{FAE04EC0-301F-11D3-BF4B-00C04F79EFBC}") = "Dotnetesting.DataAccess", "Dotnetesting.DataAccess\Dotnetesting.DataAccess.csproj", "{7057FCC1-77CB-441A-AAEC-225E69319562}"
EndProject
Project("{FAE04EC0-301F-11D3-BF4B-00C04F79EFBC}") = "Dotnetesting.Service", "Dotnetesting.Service\Dotnetesting.Service.csproj", "{8F875F3F-0E31-4DAD-869B-D5D5F17087E4}"
EndProject
Project("{FAE04EC0-301F-11D3-BF4B-00C04F79EFBC}") = "Dotnetesting.API", "Dotnetesting.API\Dotnetesting.API.csproj", "{5AD67D93-F961-4181-A09E-A55CE5B99997}"
EndProject
Global
	GlobalSection(SolutionConfigurationPlatforms) = preSolution
		Debug|Any CPU = Debug|Any CPU
		Release|Any CPU = Release|Any CPU
	EndGlobalSection
	GlobalSection(SolutionProperties) = preSolution
		HideSolutionNode = FALSE
	EndGlobalSection
	GlobalSection(ProjectConfigurationPlatforms) = postSolution
		{441BB8BA-2D58-4E98-A0D9-53EA6C910185}.Debug|Any CPU.ActiveCfg = Debug|Any CPU
		{441BB8BA-2D58-4E98-A0D9-53EA6C910185}.Debug|Any CPU.Build.0 = Debug|Any CPU
		{441BB8BA-2D58-4E98-A0D9-53EA6C910185}.Release|Any CPU.ActiveCfg = Release|Any CPU
		{441BB8BA-2D58-4E98-A0D9-53EA6C910185}.Release|Any CPU.Build.0 = Release|Any CPU
		{7057FCC1-77CB-441A-AAEC-225E69319562}.Debug|Any CPU.ActiveCfg = Debug|Any CPU
		{7057FCC1-77CB-441A-AAEC-225E69319562}.Debug|Any CPU.Build.0 = Debug|Any CPU
		{7057FCC1-77CB-441A-AAEC-225E69319562}.Release|Any CPU.ActiveCfg = Release|Any CPU
		{7057FCC1-77CB-441A-AAEC-225E69319562}.Release|Any CPU.Build.0 = Release|Any CPU
		{8F875F3F-0E31-4DAD-869B-D5D5F17087E4}.Debug|Any CPU.ActiveCfg = Debug|Any CPU
		{8F875F3F-0E31-4DAD-869B-D5D5F17087E4}.Debug|Any CPU.Build.0 = Debug|Any CPU
		{8F875F3F-0E31-4DAD-869B-D5D5F17087E4}.Release|Any CPU.ActiveCfg = Release|Any CPU
		{8F875F3F-0E31-4DAD-869B-D5D5F17087E4}.Release|Any CPU.Build.0 = Release|Any CPU
		{5AD67D93-F961-4181-A09E-A55CE5B99997}.Debug|Any CPU.ActiveCfg = Debug|Any CPU
		{5AD67D93-F961-4181-A09E-A55CE5B99997}.Debug|Any CPU.Build.0 = Debug|Any CPU
		{5AD67D93-F961-4181-A09E-A55CE5B99997}.Release|Any CPU.ActiveCfg = Release|Any CPU
		{5AD67D93-F961-4181-A09E-A55CE5B99997}.Release|Any CPU.Build.0 = Release|Any CPU
	EndGlobalSection
EndGlobal
